
Microsoft Visual Studio Solution File, Format Version 12.00
# Visual Studio 15
VisualStudioVersion = 15.0.26403.7
MinimumVisualStudioVersion = 10.0.40219.1
Project("{FAE04EC0-301F-11D3-BF4B-00C04F79EFBC}") = "MayAnh", "MayAnh\MayAnh.csproj", "{8319ED40-83D6-4956-A70A-014DD81DFC36}"
EndProject
Project("{FAE04EC0-301F-11D3-BF4B-00C04F79EFBC}") = "Model", "Model\Model.csproj", "{D01C7E44-8D41-4846-B9D7-E91B234CF7CE}"
EndProject
Global
	GlobalSection(SolutionConfigurationPlatforms) = preSolution
		Debug|Any CPU = Debug|Any CPU
		Release|Any CPU = Release|Any CPU
	EndGlobalSection
	GlobalSection(ProjectConfigurationPlatforms) = postSolution
		{8319ED40-83D6-4956-A70A-014DD81DFC36}.Debug|Any CPU.ActiveCfg = Debug|Any CPU
		{8319ED40-83D6-4956-A70A-014DD81DFC36}.Debug|Any CPU.Build.0 = Debug|Any CPU
		{8319ED40-83D6-4956-A70A-014DD81DFC36}.Release|Any CPU.ActiveCfg = Release|Any CPU
		{8319ED40-83D6-4956-A70A-014DD81DFC36}.Release|Any CPU.Build.0 = Release|Any CPU
		{D01C7E44-8D41-4846-B9D7-E91B234CF7CE}.Debug|Any CPU.ActiveCfg = Debug|Any CPU
		{D01C7E44-8D41-4846-B9D7-E91B234CF7CE}.Debug|Any CPU.Build.0 = Debug|Any CPU
		{D01C7E44-8D41-4846-B9D7-E91B234CF7CE}.Release|Any CPU.ActiveCfg = Release|Any CPU
		{D01C7E44-8D41-4846-B9D7-E91B234CF7CE}.Release|Any CPU.Build.0 = Release|Any CPU
	EndGlobalSection
	GlobalSection(SolutionProperties) = preSolution
		HideSolutionNode = FALSE
	EndGlobalSection
EndGlobal
